
Microsoft Visual Studio Solution File, Format Version 12.00
# Visual Studio Version 17
VisualStudioVersion = 17.2.32602.215
MinimumVisualStudioVersion = 10.0.40219.1
Project("{9A19103F-16F7-4668-BE54-9A1E7A4F7556}") = "HW04.Operators1", "HW04.Operators1\HW04.Operators1.csproj", "{0556A177-3F11-400F-B34B-9C98460839A8}"
EndProject
Project("{9A19103F-16F7-4668-BE54-9A1E7A4F7556}") = "HW04.Operators2", "HW04.Operators2\HW04.Operators2.csproj", "{869712D7-6EAA-4DF6-B7D4-EEC2A8148930}"
EndProject
Project("{9A19103F-16F7-4668-BE54-9A1E7A4F7556}") = "HW04.Operators3", "HW04.Operators3\HW04.Operators3.csproj", "{21A3EEBE-896A-453D-B7E6-A31BA1AF4503}"
EndProject
Project("{9A19103F-16F7-4668-BE54-9A1E7A4F7556}") = "HW04.Operators4", "HW04.Operators4\HW04.Operators4.csproj", "{01B02E9C-AB45-4C54-A909-698592C93A6C}"
EndProject
Project("{9A19103F-16F7-4668-BE54-9A1E7A4F7556}") = "HW04.Loops", "HW04.Loops\HW04.Loops.csproj", "{98CF0D7A-E6DC-4FDD-A658-87197EA354D2}"
EndProject
Project("{9A19103F-16F7-4668-BE54-9A1E7A4F7556}") = "HW04.Game", "HW04.Game\HW04.Game.csproj", "{2CB84B6D-3B98-4156-97CB-4957B16AD8F2}"
EndProject
Project("{FAE04EC0-301F-11D3-BF4B-00C04F79EFBC}") = "HW.05.Task1", "HW.05.Task1\HW.05.Task1.csproj", "{7DD39DBE-1F86-46B6-AD13-92410F887DDC}"
EndProject
Global
	GlobalSection(SolutionConfigurationPlatforms) = preSolution
		Debug|Any CPU = Debug|Any CPU
		Release|Any CPU = Release|Any CPU
	EndGlobalSection
	GlobalSection(ProjectConfigurationPlatforms) = postSolution
		{0556A177-3F11-400F-B34B-9C98460839A8}.Debug|Any CPU.ActiveCfg = Debug|Any CPU
		{0556A177-3F11-400F-B34B-9C98460839A8}.Debug|Any CPU.Build.0 = Debug|Any CPU
		{0556A177-3F11-400F-B34B-9C98460839A8}.Release|Any CPU.ActiveCfg = Release|Any CPU
		{0556A177-3F11-400F-B34B-9C98460839A8}.Release|Any CPU.Build.0 = Release|Any CPU
		{869712D7-6EAA-4DF6-B7D4-EEC2A8148930}.Debug|Any CPU.ActiveCfg = Debug|Any CPU
		{869712D7-6EAA-4DF6-B7D4-EEC2A8148930}.Debug|Any CPU.Build.0 = Debug|Any CPU
		{869712D7-6EAA-4DF6-B7D4-EEC2A8148930}.Release|Any CPU.ActiveCfg = Release|Any CPU
		{869712D7-6EAA-4DF6-B7D4-EEC2A8148930}.Release|Any CPU.Build.0 = Release|Any CPU
		{21A3EEBE-896A-453D-B7E6-A31BA1AF4503}.Debug|Any CPU.ActiveCfg = Debug|Any CPU
		{21A3EEBE-896A-453D-B7E6-A31BA1AF4503}.Debug|Any CPU.Build.0 = Debug|Any CPU
		{21A3EEBE-896A-453D-B7E6-A31BA1AF4503}.Release|Any CPU.ActiveCfg = Release|Any CPU
		{21A3EEBE-896A-453D-B7E6-A31BA1AF4503}.Release|Any CPU.Build.0 = Release|Any CPU
		{01B02E9C-AB45-4C54-A909-698592C93A6C}.Debug|Any CPU.ActiveCfg = Debug|Any CPU
		{01B02E9C-AB45-4C54-A909-698592C93A6C}.Debug|Any CPU.Build.0 = Debug|Any CPU
		{01B02E9C-AB45-4C54-A909-698592C93A6C}.Release|Any CPU.ActiveCfg = Release|Any CPU
		{01B02E9C-AB45-4C54-A909-698592C93A6C}.Release|Any CPU.Build.0 = Release|Any CPU
		{98CF0D7A-E6DC-4FDD-A658-87197EA354D2}.Debug|Any CPU.ActiveCfg = Debug|Any CPU
		{98CF0D7A-E6DC-4FDD-A658-87197EA354D2}.Debug|Any CPU.Build.0 = Debug|Any CPU
		{98CF0D7A-E6DC-4FDD-A658-87197EA354D2}.Release|Any CPU.ActiveCfg = Release|Any CPU
		{98CF0D7A-E6DC-4FDD-A658-87197EA354D2}.Release|Any CPU.Build.0 = Release|Any CPU
		{2CB84B6D-3B98-4156-97CB-4957B16AD8F2}.Debug|Any CPU.ActiveCfg = Debug|Any CPU
		{2CB84B6D-3B98-4156-97CB-4957B16AD8F2}.Debug|Any CPU.Build.0 = Debug|Any CPU
		{2CB84B6D-3B98-4156-97CB-4957B16AD8F2}.Release|Any CPU.ActiveCfg = Release|Any CPU
		{2CB84B6D-3B98-4156-97CB-4957B16AD8F2}.Release|Any CPU.Build.0 = Release|Any CPU
		{7DD39DBE-1F86-46B6-AD13-92410F887DDC}.Debug|Any CPU.ActiveCfg = Debug|Any CPU
		{7DD39DBE-1F86-46B6-AD13-92410F887DDC}.Debug|Any CPU.Build.0 = Debug|Any CPU
		{7DD39DBE-1F86-46B6-AD13-92410F887DDC}.Release|Any CPU.ActiveCfg = Release|Any CPU
		{7DD39DBE-1F86-46B6-AD13-92410F887DDC}.Release|Any CPU.Build.0 = Release|Any CPU
	EndGlobalSection
	GlobalSection(SolutionProperties) = preSolution
		HideSolutionNode = FALSE
	EndGlobalSection
	GlobalSection(ExtensibilityGlobals) = postSolution
		SolutionGuid = {811BD310-FEC2-4392-8156-C575B51DDF65}
	EndGlobalSection
EndGlobal
