
Microsoft Visual Studio Solution File, Format Version 12.00
# Visual Studio Version 17
VisualStudioVersion = 17.2.32602.215
MinimumVisualStudioVersion = 10.0.40219.1
Project("{FAE04EC0-301F-11D3-BF4B-00C04F79EFBC}") = "HW.01.Casting", "HW.01.Casting\HW.01.Casting.csproj", "{24B7492F-87B5-4688-A704-3621C11F3B4D}"
EndProject
Project("{FAE04EC0-301F-11D3-BF4B-00C04F79EFBC}") = "HW.02.Types", "HW.02.Types\HW.02.Types.csproj", "{35928994-BB20-436E-9CDF-FE16A74AB4FD}"
EndProject
Project("{FAE04EC0-301F-11D3-BF4B-00C04F79EFBC}") = "HW.03.QuadraticFormula", "HW.03.QuadraticFormula\HW.03.QuadraticFormula.csproj", "{8E4668C6-E381-4F41-887D-D1B6F84B8B08}"
EndProject
Global
	GlobalSection(SolutionConfigurationPlatforms) = preSolution
		Debug|Any CPU = Debug|Any CPU
		Release|Any CPU = Release|Any CPU
	EndGlobalSection
	GlobalSection(ProjectConfigurationPlatforms) = postSolution
		{24B7492F-87B5-4688-A704-3621C11F3B4D}.Debug|Any CPU.ActiveCfg = Debug|Any CPU
		{24B7492F-87B5-4688-A704-3621C11F3B4D}.Debug|Any CPU.Build.0 = Debug|Any CPU
		{24B7492F-87B5-4688-A704-3621C11F3B4D}.Release|Any CPU.ActiveCfg = Release|Any CPU
		{24B7492F-87B5-4688-A704-3621C11F3B4D}.Release|Any CPU.Build.0 = Release|Any CPU
		{35928994-BB20-436E-9CDF-FE16A74AB4FD}.Debug|Any CPU.ActiveCfg = Debug|Any CPU
		{35928994-BB20-436E-9CDF-FE16A74AB4FD}.Debug|Any CPU.Build.0 = Debug|Any CPU
		{35928994-BB20-436E-9CDF-FE16A74AB4FD}.Release|Any CPU.ActiveCfg = Release|Any CPU
		{35928994-BB20-436E-9CDF-FE16A74AB4FD}.Release|Any CPU.Build.0 = Release|Any CPU
		{8E4668C6-E381-4F41-887D-D1B6F84B8B08}.Debug|Any CPU.ActiveCfg = Debug|Any CPU
		{8E4668C6-E381-4F41-887D-D1B6F84B8B08}.Debug|Any CPU.Build.0 = Debug|Any CPU
		{8E4668C6-E381-4F41-887D-D1B6F84B8B08}.Release|Any CPU.ActiveCfg = Release|Any CPU
		{8E4668C6-E381-4F41-887D-D1B6F84B8B08}.Release|Any CPU.Build.0 = Release|Any CPU
	EndGlobalSection
	GlobalSection(SolutionProperties) = preSolution
		HideSolutionNode = FALSE
	EndGlobalSection
	GlobalSection(ExtensibilityGlobals) = postSolution
		SolutionGuid = {811BD310-FEC2-4392-8156-C575B51DDF65}
	EndGlobalSection
EndGlobal
